
Microsoft Visual Studio Solution File, Format Version 12.00
# Visual Studio Version 16
VisualStudioVersion = 16.0.32002.261
MinimumVisualStudioVersion = 10.0.40219.1
Project("{FAE04EC0-301F-11D3-BF4B-00C04F79EFBC}") = "CVSite.website", "CVSite.website\CVSite.website.csproj", "{02251C0F-7D65-47ED-A9EF-AA80F56BE4DD}"
EndProject
Project("{FAE04EC0-301F-11D3-BF4B-00C04F79EFBC}") = "Data", "Data\Data.csproj", "{DC046DC1-68D1-4A2C-B49A-3B7661824E33}"
EndProject
Global
	GlobalSection(SolutionConfigurationPlatforms) = preSolution
		Debug|Any CPU = Debug|Any CPU
		Release|Any CPU = Release|Any CPU
	EndGlobalSection
	GlobalSection(ProjectConfigurationPlatforms) = postSolution
		{02251C0F-7D65-47ED-A9EF-AA80F56BE4DD}.Debug|Any CPU.ActiveCfg = Debug|Any CPU
		{02251C0F-7D65-47ED-A9EF-AA80F56BE4DD}.Debug|Any CPU.Build.0 = Debug|Any CPU
		{02251C0F-7D65-47ED-A9EF-AA80F56BE4DD}.Release|Any CPU.ActiveCfg = Release|Any CPU
		{02251C0F-7D65-47ED-A9EF-AA80F56BE4DD}.Release|Any CPU.Build.0 = Release|Any CPU
		{DC046DC1-68D1-4A2C-B49A-3B7661824E33}.Debug|Any CPU.ActiveCfg = Debug|Any CPU
		{DC046DC1-68D1-4A2C-B49A-3B7661824E33}.Debug|Any CPU.Build.0 = Debug|Any CPU
		{DC046DC1-68D1-4A2C-B49A-3B7661824E33}.Release|Any CPU.ActiveCfg = Release|Any CPU
		{DC046DC1-68D1-4A2C-B49A-3B7661824E33}.Release|Any CPU.Build.0 = Release|Any CPU
	EndGlobalSection
	GlobalSection(SolutionProperties) = preSolution
		HideSolutionNode = FALSE
	EndGlobalSection
	GlobalSection(ExtensibilityGlobals) = postSolution
		SolutionGuid = {FDC6ABC9-456A-472E-B19E-8F3BC1872142}
	EndGlobalSection
EndGlobal
